
Microsoft Visual Studio Solution File, Format Version 12.00
# Visual Studio Version 16
VisualStudioVersion = 16.0.28729.10
MinimumVisualStudioVersion = 10.0.40219.1
Project("{9A19103F-16F7-4668-BE54-9A1E7A4F7556}") = "TextAnalyzer", "src\TextAnalyzer\TextAnalyzer.csproj", "{C550025B-1081-4140-8CCE-2120E2FD3410}"
EndProject
Project("{FAE04EC0-301F-11D3-BF4B-00C04F79EFBC}") = "TextAnalyzer.Tests", "tests\TextAnalyzer.Tests\TextAnalyzer.Tests.csproj", "{C951A43D-D40C-445F-96EC-A525F565F11E}"
EndProject
Global
	GlobalSection(SolutionConfigurationPlatforms) = preSolution
		Debug|Any CPU = Debug|Any CPU
		Release|Any CPU = Release|Any CPU
	EndGlobalSection
	GlobalSection(ProjectConfigurationPlatforms) = postSolution
		{C550025B-1081-4140-8CCE-2120E2FD3410}.Debug|Any CPU.ActiveCfg = Debug|Any CPU
		{C550025B-1081-4140-8CCE-2120E2FD3410}.Debug|Any CPU.Build.0 = Debug|Any CPU
		{C550025B-1081-4140-8CCE-2120E2FD3410}.Release|Any CPU.ActiveCfg = Release|Any CPU
		{C550025B-1081-4140-8CCE-2120E2FD3410}.Release|Any CPU.Build.0 = Release|Any CPU
		{C951A43D-D40C-445F-96EC-A525F565F11E}.Debug|Any CPU.ActiveCfg = Debug|Any CPU
		{C951A43D-D40C-445F-96EC-A525F565F11E}.Debug|Any CPU.Build.0 = Debug|Any CPU
		{C951A43D-D40C-445F-96EC-A525F565F11E}.Release|Any CPU.ActiveCfg = Release|Any CPU
		{C951A43D-D40C-445F-96EC-A525F565F11E}.Release|Any CPU.Build.0 = Release|Any CPU
	EndGlobalSection
	GlobalSection(SolutionProperties) = preSolution
		HideSolutionNode = FALSE
	EndGlobalSection
	GlobalSection(ExtensibilityGlobals) = postSolution
		SolutionGuid = {0B279B47-3337-4D48-B7FC-AB5628DC6628}
	EndGlobalSection
EndGlobal
